<?xml version="1.0" encoding="utf-8"?>
<Project ToolsVersion="4.0" xmlns="http://schemas.microsoft.com/developer/msbuild/2003">
  <ItemGroup>
    <Filter Include="Исходные файлы">
      <UniqueIdentifier>{4FC737F1-C7A5-4376-A066-2A32D752A2FF}</UniqueIdentifier>
      <Extensions>cpp;c;cc;cxx;c++;def;odl;idl;hpj;bat;asm;asmx</Extensions>
    </Filter>
    <Filter Include="Файлы заголовков">
      <UniqueIdentifier>{93995380-89BD-4b04-88EB-625FBE52EBFB}</UniqueIdentifier>
      <Extensions>h;hh;hpp;hxx;h++;hm;inl;inc;ipp;xsd</Extensions>
    </Filter>
    <Filter Include="Файлы ресурсов">
      <UniqueIdentifier>{67DA6AB6-F800-4c08-8B7A-83BB121AAD01}</UniqueIdentifier>
      <Extensions>rc;ico;cur;bmp;dlg;rc2;rct;bin;rgs;gif;jpg;jpeg;jpe;resx;tiff;tif;png;wav;mfcribbon-ms</Extensions>
    </Filter>
  </ItemGroup>
  <ItemGroup>
    <ClCompile Include="Course_work.cpp">
      <Filter>Исходные файлы</Filter>
    </ClCompile>
    <ClCompile Include="app_txt_matrix.cpp">
      <Filter>Исходные файлы</Filter>
    </ClCompile>
    <ClCompile Include="My_String.cpp">
      <Filter>Исходные файлы</Filter>
    </ClCompile>
    <ClCompile Include="visual.cpp">
      <Filter>Исходные файлы</Filter>
    </ClCompile>
    <ClCompile Include="gauss1.cpp">
      <Filter>Исходные файлы</Filter>
    </ClCompile>
    <ClCompile Include="gauss.cpp">
      <Filter>Исходные файлы</Filter>
    </ClCompile>
    <ClCompile Include="inv_gauss.cpp">
      <Filter>Исходные файлы</Filter>
    </ClCompile>
    <ClCompile Include="matrix_rank.cpp">
      <Filter>Исходные файлы</Filter>
    </ClCompile>
    <ClCompile Include="minor_s.cpp">
      <Filter>Исходные файлы</Filter>
    </ClCompile>
    <ClCompile Include="determinant_count.cpp">
      <Filter>Исходные файлы</Filter>
    </ClCompile>
    <ClCompile Include="element_write.cpp">
      <Filter>Исходные файлы</Filter>
    </ClCompile>
    <ClCompile Include="SetColor.cpp">
      <Filter>Исходные файлы</Filter>
    </ClCompile>
    <ClCompile Include="element_switch.cpp">
      <Filter>Исходные файлы</Filter>
    </ClCompile>
    <ClCompile Include="write_matrix.cpp">
      <Filter>Исходные файлы</Filter>
    </ClCompile>
    <ClCompile Include="up_triangle.cpp">
      <Filter>Исходные файлы</Filter>
    </ClCompile>
    <ClCompile Include="matrix_analysis.cpp">
      <Filter>Исходные файлы</Filter>
    </ClCompile>
    <ClCompile Include="matrix_input.cpp">
      <Filter>Исходные файлы</Filter>
    </ClCompile>
    <ClCompile Include="app_txt_inverse_mat.cpp">
      <Filter>Исходные файлы</Filter>
    </ClCompile>
    <ClCompile Include="inverse_matrix.cpp">
      <Filter>Исходные файлы</Filter>
    </ClCompile>
    <ClCompile Include="input_num.cpp">
      <Filter>Исходные файлы</Filter>
    </ClCompile>
    <ClCompile Include="input_size.cpp">
      <Filter>Исходные файлы</Filter>
    </ClCompile>
    <ClCompile Include="add_resolution.cpp">
      <Filter>Исходные файлы</Filter>
    </ClCompile>
    <ClCompile Include="save_f.cpp">
      <Filter>Исходные файлы</Filter>
    </ClCompile>
    <ClCompile Include="load_f.cpp">
      <Filter>Исходные файлы</Filter>
    </ClCompile>
    <ClCompile Include="app_txt_inp_fac_1.cpp">
      <Filter>Исходные файлы</Filter>
    </ClCompile>
    <ClCompile Include="input_factors_1.cpp">
      <Filter>Исходные файлы</Filter>
    </ClCompile>
    <ClCompile Include="app_txt_cal_1.cpp">
      <Filter>Исходные файлы</Filter>
    </ClCompile>
    <ClCompile Include="calculation_1.cpp">
      <Filter>Исходные файлы</Filter>
    </ClCompile>
    <ClCompile Include="equation_1.cpp">
      <Filter>Исходные файлы</Filter>
    </ClCompile>
    <ClCompile Include="app_txt_inp_fac_2.cpp">
      <Filter>Исходные файлы</Filter>
    </ClCompile>
    <ClCompile Include="input_factors_2.cpp">
      <Filter>Исходные файлы</Filter>
    </ClCompile>
    <ClCompile Include="app_txt_cal_dis.cpp">
      <Filter>Исходные файлы</Filter>
    </ClCompile>
    <ClCompile Include="calculation_dis.cpp">
      <Filter>Исходные файлы</Filter>
    </ClCompile>
    <ClCompile Include="app_txt_cal_x_2.cpp">
      <Filter>Исходные файлы</Filter>
    </ClCompile>
    <ClCompile Include="calculation_x_2.cpp">
      <Filter>Исходные файлы</Filter>
    </ClCompile>
    <ClCompile Include="app_txt_cal_x1_x2_2.cpp">
      <Filter>Исходные файлы</Filter>
    </ClCompile>
    <ClCompile Include="calculation_x1_x2_2.cpp">
      <Filter>Исходные файлы</Filter>
    </ClCompile>
    <ClCompile Include="app_txt_cal_x1i_x2i_2.cpp">
      <Filter>Исходные файлы</Filter>
    </ClCompile>
    <ClCompile Include="calculation_x1i_x2i_2.cpp">
      <Filter>Исходные файлы</Filter>
    </ClCompile>
    <ClCompile Include="equation_2.cpp">
      <Filter>Исходные файлы</Filter>
    </ClCompile>
    <ClCompile Include="app_txt_inp_fac_3.cpp">
      <Filter>Исходные файлы</Filter>
    </ClCompile>
    <ClCompile Include="input_factors_3.cpp">
      <Filter>Исходные файлы</Filter>
    </ClCompile>
    <ClCompile Include="app_txt_cal_3.cpp">
      <Filter>Исходные файлы</Filter>
    </ClCompile>
    <ClCompile Include="calculation_3.cpp">
      <Filter>Исходные файлы</Filter>
    </ClCompile>
    <ClCompile Include="equation_3.cpp">
      <Filter>Исходные файлы</Filter>
    </ClCompile>
    <ClCompile Include="request_equation.cpp">
      <Filter>Исходные файлы</Filter>
    </ClCompile>
    <ClCompile Include="request_matrix.cpp">
      <Filter>Исходные файлы</Filter>
    </ClCompile>
    <ClCompile Include="request_load.cpp">
      <Filter>Исходные файлы</Filter>
    </ClCompile>
    <ClCompile Include="output_text_menu_equation.cpp">
      <Filter>Исходные файлы</Filter>
    </ClCompile>
    <ClCompile Include="output_text_menu_matrix.cpp">
      <Filter>Исходные файлы</Filter>
    </ClCompile>
    <ClCompile Include="output_text_menu_main.cpp">
      <Filter>Исходные файлы</Filter>
    </ClCompile>
    <ClCompile Include="act_matrix_case_1.cpp">
      <Filter>Исходные файлы</Filter>
    </ClCompile>
    <ClCompile Include="act_matrix_case_2.cpp">
      <Filter>Исходные файлы</Filter>
    </ClCompile>
    <ClCompile Include="act_matrix_case_3.cpp">
      <Filter>Исходные файлы</Filter>
    </ClCompile>
    <ClCompile Include="act_matrix_case_4.cpp">
      <Filter>Исходные файлы</Filter>
    </ClCompile>
    <ClCompile Include="menu_equations.cpp">
      <Filter>Исходные файлы</Filter>
    </ClCompile>
    <ClCompile Include="menu_matrix.cpp">
      <Filter>Исходные файлы</Filter>
    </ClCompile>
    <ClCompile Include="menu_main.cpp">
      <Filter>Исходные файлы</Filter>
    </ClCompile>
  </ItemGroup>
  <ItemGroup>
    <ClInclude Include="app_txt_matrix.h">
      <Filter>Файлы заголовков</Filter>
    </ClInclude>
    <ClInclude Include="Constants.h">
      <Filter>Файлы заголовков</Filter>
    </ClInclude>
    <ClInclude Include="My_String.h">
      <Filter>Файлы заголовков</Filter>
    </ClInclude>
    <ClInclude Include="visual.h">
      <Filter>Файлы заголовков</Filter>
    </ClInclude>
    <ClInclude Include="gauss1.h">
      <Filter>Файлы заголовков</Filter>
    </ClInclude>
    <ClInclude Include="gauss.h">
      <Filter>Файлы заголовков</Filter>
    </ClInclude>
    <ClInclude Include="inv_gauss.h">
      <Filter>Файлы заголовков</Filter>
    </ClInclude>
    <ClInclude Include="matrix_rank.h">
      <Filter>Файлы заголовков</Filter>
    </ClInclude>
    <ClInclude Include="minor_s.h">
      <Filter>Файлы заголовков</Filter>
    </ClInclude>
    <ClInclude Include="determinant_count.h">
      <Filter>Файлы заголовков</Filter>
    </ClInclude>
    <ClInclude Include="element_write.h">
      <Filter>Файлы заголовков</Filter>
    </ClInclude>
    <ClInclude Include="SetColor.h">
      <Filter>Файлы заголовков</Filter>
    </ClInclude>
    <ClInclude Include="element_switch.h">
      <Filter>Файлы заголовков</Filter>
    </ClInclude>
    <ClInclude Include="write_matrix.h">
      <Filter>Файлы заголовков</Filter>
    </ClInclude>
    <ClInclude Include="up_triangle.h">
      <Filter>Файлы заголовков</Filter>
    </ClInclude>
    <ClInclude Include="matrix_analysis.h">
      <Filter>Файлы заголовков</Filter>
    </ClInclude>
    <ClInclude Include="matrix_input.h">
      <Filter>Файлы заголовков</Filter>
    </ClInclude>
    <ClInclude Include="app_txt_inverse_mat.h">
      <Filter>Файлы заголовков</Filter>
    </ClInclude>
    <ClInclude Include="inverse_matrix.h">
      <Filter>Файлы заголовков</Filter>
    </ClInclude>
    <ClInclude Include="input_num.h">
      <Filter>Файлы заголовков</Filter>
    </ClInclude>
    <ClInclude Include="input_size.h">
      <Filter>Файлы заголовков</Filter>
    </ClInclude>
    <ClInclude Include="add_resolution.h">
      <Filter>Файлы заголовков</Filter>
    </ClInclude>
    <ClInclude Include="save_f.h">
      <Filter>Файлы заголовков</Filter>
    </ClInclude>
    <ClInclude Include="load_f.h">
      <Filter>Файлы заголовков</Filter>
    </ClInclude>
    <ClInclude Include="app_txt_inp_fac_1.h">
      <Filter>Файлы заголовков</Filter>
    </ClInclude>
    <ClInclude Include="input_factors_1.h">
      <Filter>Файлы заголовков</Filter>
    </ClInclude>
    <ClInclude Include="app_txt_cal_1.h">
      <Filter>Файлы заголовков</Filter>
    </ClInclude>
    <ClInclude Include="calculation_1.h">
      <Filter>Файлы заголовков</Filter>
    </ClInclude>
    <ClInclude Include="equation_1.h">
      <Filter>Файлы заголовков</Filter>
    </ClInclude>
    <ClInclude Include="app_txt_inp_fac_2.h">
      <Filter>Файлы заголовков</Filter>
    </ClInclude>
    <ClInclude Include="input_factors_2.h">
      <Filter>Файлы заголовков</Filter>
    </ClInclude>
    <ClInclude Include="app_txt_cal_dis.h">
      <Filter>Файлы заголовков</Filter>
    </ClInclude>
    <ClInclude Include="calculation_dis.h">
      <Filter>Файлы заголовков</Filter>
    </ClInclude>
    <ClInclude Include="app_txt_cal_x_2.h">
      <Filter>Файлы заголовков</Filter>
    </ClInclude>
    <ClInclude Include="calculation_x_2.h">
      <Filter>Файлы заголовков</Filter>
    </ClInclude>
    <ClInclude Include="app_txt_cal_x1_x2_2.h">
      <Filter>Файлы заголовков</Filter>
    </ClInclude>
    <ClInclude Include="calculation_x1_x2_2.h">
      <Filter>Файлы заголовков</Filter>
    </ClInclude>
    <ClInclude Include="app_txt_cal_x1i_x2i_2.h">
      <Filter>Файлы заголовков</Filter>
    </ClInclude>
    <ClInclude Include="calculation_x1i_x2i_2.h">
      <Filter>Файлы заголовков</Filter>
    </ClInclude>
    <ClInclude Include="equation_2.h">
      <Filter>Файлы заголовков</Filter>
    </ClInclude>
    <ClInclude Include="app_txt_inp_fac_3.h">
      <Filter>Файлы заголовков</Filter>
    </ClInclude>
    <ClInclude Include="input_factors_3.h">
      <Filter>Файлы заголовков</Filter>
    </ClInclude>
    <ClInclude Include="app_txt_cal_3.h">
      <Filter>Файлы заголовков</Filter>
    </ClInclude>
    <ClInclude Include="calculation_3.h">
      <Filter>Файлы заголовков</Filter>
    </ClInclude>
    <ClInclude Include="equation_3.h">
      <Filter>Файлы заголовков</Filter>
    </ClInclude>
    <ClInclude Include="request_equation.h">
      <Filter>Файлы заголовков</Filter>
    </ClInclude>
    <ClInclude Include="request_matrix.h">
      <Filter>Файлы заголовков</Filter>
    </ClInclude>
    <ClInclude Include="request_load.h">
      <Filter>Файлы заголовков</Filter>
    </ClInclude>
    <ClInclude Include="output_text_menu_equation.h">
      <Filter>Файлы заголовков</Filter>
    </ClInclude>
    <ClInclude Include="output_text_menu_matrix.h">
      <Filter>Файлы заголовков</Filter>
    </ClInclude>
    <ClInclude Include="output_text_menu_main.h">
      <Filter>Файлы заголовков</Filter>
    </ClInclude>
    <ClInclude Include="act_matrix_case_1.h">
      <Filter>Файлы заголовков</Filter>
    </ClInclude>
    <ClInclude Include="act_matrix_case_2.h">
      <Filter>Файлы заголовков</Filter>
    </ClInclude>
    <ClInclude Include="act_matrix_case_3.h">
      <Filter>Файлы заголовков</Filter>
    </ClInclude>
    <ClInclude Include="act_matrix_case_4.h">
      <Filter>Файлы заголовков</Filter>
    </ClInclude>
    <ClInclude Include="menu_equations.h">
      <Filter>Файлы заголовков</Filter>
    </ClInclude>
    <ClInclude Include="menu_matrix.h">
      <Filter>Файлы заголовков</Filter>
    </ClInclude>
    <ClInclude Include="menu_main.h">
      <Filter>Файлы заголовков</Filter>
    </ClInclude>
    <ClInclude Include="File_con.h">
      <Filter>Файлы заголовков</Filter>
    </ClInclude>
  </ItemGroup>
</Project>